
Microsoft Visual Studio Solution File, Format Version 12.00
# Visual Studio Version 17
VisualStudioVersion = 17.4.33213.308
MinimumVisualStudioVersion = 10.0.40219.1
Project("{9A19103F-16F7-4668-BE54-9A1E7A4F7556}") = "Chat_AI", "Chat_AI.csproj", "{FF7BA374-F04B-417E-911A-D07254049C04}"
EndProject
Global
	GlobalSection(SolutionConfigurationPlatforms) = preSolution
		Debug|Any CPU = Debug|Any CPU
		Release|Any CPU = Release|Any CPU
	EndGlobalSection
	GlobalSection(ProjectConfigurationPlatforms) = postSolution
		{FF7BA374-F04B-417E-911A-D07254049C04}.Debug|Any CPU.ActiveCfg = Debug|Any CPU
		{FF7BA374-F04B-417E-911A-D07254049C04}.Debug|Any CPU.Build.0 = Debug|Any CPU
		{FF7BA374-F04B-417E-911A-D07254049C04}.Release|Any CPU.ActiveCfg = Release|Any CPU
		{FF7BA374-F04B-417E-911A-D07254049C04}.Release|Any CPU.Build.0 = Release|Any CPU
	EndGlobalSection
	GlobalSection(SolutionProperties) = preSolution
		HideSolutionNode = FALSE
	EndGlobalSection
	GlobalSection(ExtensibilityGlobals) = postSolution
		SolutionGuid = {35A7CCA7-609D-40B2-A064-BC190EF6575D}
	EndGlobalSection
EndGlobal
