
Microsoft Visual Studio Solution File, Format Version 12.00
# Visual Studio Version 17
VisualStudioVersion = 17.4.33213.308
MinimumVisualStudioVersion = 10.0.40219.1
Project("{9092AA53-FB77-4645-B42D-1CCCA6BD08BD}") = "AI_CORE", "AI_CORE\AI_CORE.njsproj", "{21D5AF69-2E94-45D7-AB11-ADD924AD49C4}"
EndProject
Project("{9A19103F-16F7-4668-BE54-9A1E7A4F7556}") = "AI_CONSOLE", "AI_CONSOLE\AI_CONSOLE.csproj", "{40AFE909-A42C-473B-8349-10B7D87EC52C}"
EndProject
Project("{9A19103F-16F7-4668-BE54-9A1E7A4F7556}") = "Chat_AI", "Chat_AI\Chat_AI.csproj", "{9B69381F-B4E2-47C9-BBC8-7763537B7DB3}"
EndProject
Global
	GlobalSection(SolutionConfigurationPlatforms) = preSolution
		Debug|Any CPU = Debug|Any CPU
		Release|Any CPU = Release|Any CPU
	EndGlobalSection
	GlobalSection(ProjectConfigurationPlatforms) = postSolution
		{21D5AF69-2E94-45D7-AB11-ADD924AD49C4}.Debug|Any CPU.ActiveCfg = Debug|Any CPU
		{21D5AF69-2E94-45D7-AB11-ADD924AD49C4}.Debug|Any CPU.Build.0 = Debug|Any CPU
		{21D5AF69-2E94-45D7-AB11-ADD924AD49C4}.Release|Any CPU.ActiveCfg = Release|Any CPU
		{21D5AF69-2E94-45D7-AB11-ADD924AD49C4}.Release|Any CPU.Build.0 = Release|Any CPU
		{40AFE909-A42C-473B-8349-10B7D87EC52C}.Debug|Any CPU.ActiveCfg = Debug|Any CPU
		{40AFE909-A42C-473B-8349-10B7D87EC52C}.Debug|Any CPU.Build.0 = Debug|Any CPU
		{40AFE909-A42C-473B-8349-10B7D87EC52C}.Release|Any CPU.ActiveCfg = Release|Any CPU
		{40AFE909-A42C-473B-8349-10B7D87EC52C}.Release|Any CPU.Build.0 = Release|Any CPU
		{9B69381F-B4E2-47C9-BBC8-7763537B7DB3}.Debug|Any CPU.ActiveCfg = Debug|Any CPU
		{9B69381F-B4E2-47C9-BBC8-7763537B7DB3}.Debug|Any CPU.Build.0 = Debug|Any CPU
		{9B69381F-B4E2-47C9-BBC8-7763537B7DB3}.Release|Any CPU.ActiveCfg = Release|Any CPU
		{9B69381F-B4E2-47C9-BBC8-7763537B7DB3}.Release|Any CPU.Build.0 = Release|Any CPU
	EndGlobalSection
	GlobalSection(SolutionProperties) = preSolution
		HideSolutionNode = FALSE
	EndGlobalSection
	GlobalSection(ExtensibilityGlobals) = postSolution
		SolutionGuid = {B26B352E-446C-4162-8CD3-1BFCD18E09FB}
	EndGlobalSection
EndGlobal
